
Microsoft Visual Studio Solution File, Format Version 12.00
# Visual Studio Version 16
VisualStudioVersion = 16.0.31729.503
MinimumVisualStudioVersion = 10.0.40219.1
Project("{9A19103F-16F7-4668-BE54-9A1E7A4F7556}") = "LibraryHouse.Web.Host", "LibraryHouse.Web.Host\LibraryHouse.Web.Host.csproj", "{C03CA9BB-9410-46AC-B933-18F8B0F7E79E}"
EndProject
Project("{9A19103F-16F7-4668-BE54-9A1E7A4F7556}") = "LibraryHouse.Application", "LibraryHouse.Application\LibraryHouse.Application.csproj", "{8EC1FAA6-6C02-4CAA-929B-E42B440A018A}"
EndProject
Project("{9A19103F-16F7-4668-BE54-9A1E7A4F7556}") = "LibraryHouse.Infrastructure", "LibraryHouse.Infrastructure\LibraryHouse.Infrastructure.csproj", "{07E1F5C9-CA52-4047-A107-F64484FBEC52}"
EndProject
Global
	GlobalSection(SolutionConfigurationPlatforms) = preSolution
		Debug|Any CPU = Debug|Any CPU
		Release|Any CPU = Release|Any CPU
	EndGlobalSection
	GlobalSection(ProjectConfigurationPlatforms) = postSolution
		{C03CA9BB-9410-46AC-B933-18F8B0F7E79E}.Debug|Any CPU.ActiveCfg = Debug|Any CPU
		{C03CA9BB-9410-46AC-B933-18F8B0F7E79E}.Debug|Any CPU.Build.0 = Debug|Any CPU
		{C03CA9BB-9410-46AC-B933-18F8B0F7E79E}.Release|Any CPU.ActiveCfg = Release|Any CPU
		{C03CA9BB-9410-46AC-B933-18F8B0F7E79E}.Release|Any CPU.Build.0 = Release|Any CPU
		{8EC1FAA6-6C02-4CAA-929B-E42B440A018A}.Debug|Any CPU.ActiveCfg = Debug|Any CPU
		{8EC1FAA6-6C02-4CAA-929B-E42B440A018A}.Debug|Any CPU.Build.0 = Debug|Any CPU
		{8EC1FAA6-6C02-4CAA-929B-E42B440A018A}.Release|Any CPU.ActiveCfg = Release|Any CPU
		{8EC1FAA6-6C02-4CAA-929B-E42B440A018A}.Release|Any CPU.Build.0 = Release|Any CPU
		{07E1F5C9-CA52-4047-A107-F64484FBEC52}.Debug|Any CPU.ActiveCfg = Debug|Any CPU
		{07E1F5C9-CA52-4047-A107-F64484FBEC52}.Debug|Any CPU.Build.0 = Debug|Any CPU
		{07E1F5C9-CA52-4047-A107-F64484FBEC52}.Release|Any CPU.ActiveCfg = Release|Any CPU
		{07E1F5C9-CA52-4047-A107-F64484FBEC52}.Release|Any CPU.Build.0 = Release|Any CPU
	EndGlobalSection
	GlobalSection(SolutionProperties) = preSolution
		HideSolutionNode = FALSE
	EndGlobalSection
	GlobalSection(ExtensibilityGlobals) = postSolution
		SolutionGuid = {06B7A257-5C78-4BED-A3C6-58D9FE6BD81C}
	EndGlobalSection
EndGlobal
